// !$*UTF8*$!
{
	archiveVersion = 1;
	classes = {
	};
	objectVersion = 46;
	objects = {

/* Begin PBXBuildFile section */
		2C55C1F61EC05A3B00C22BD2 /* Algoritm.cpp in Sources */ = {isa = PBXBuildFile; fileRef = 2C55C1EC1EC05A3B00C22BD2 /* Algoritm.cpp */; };
		2C55C1F71EC05A3B00C22BD2 /* ArcGraph.cpp in Sources */ = {isa = PBXBuildFile; fileRef = 2C55C1EE1EC05A3B00C22BD2 /* ArcGraph.cpp */; };
		2C55C1F81EC05A3B00C22BD2 /* area.cpp in Sources */ = {isa = PBXBuildFile; fileRef = 2C55C1F01EC05A3B00C22BD2 /* area.cpp */; };
		2C55C1F91EC05A3B00C22BD2 /* main.cpp in Sources */ = {isa = PBXBuildFile; fileRef = 2C55C1F21EC05A3B00C22BD2 /* main.cpp */; };
		2C55C1FA1EC05A3B00C22BD2 /* test.cpp in Sources */ = {isa = PBXBuildFile; fileRef = 2C55C1F31EC05A3B00C22BD2 /* test.cpp */; };
/* End PBXBuildFile section */

/* Begin PBXCopyFilesBuildPhase section */
		2C387E921EA254A600EBF5B7 /* CopyFiles */ = {
			isa = PBXCopyFilesBuildPhase;
			buildActionMask = 2147483647;
			dstPath = /usr/share/man/man1/;
			dstSubfolderSpec = 0;
			files = (
			);
			runOnlyForDeploymentPostprocessing = 1;
		};
/* End PBXCopyFilesBuildPhase section */

/* Begin PBXFileReference section */
		2C387E941EA254A700EBF5B7 /* 2_Kommivoyazer */ = {isa = PBXFileReference; explicitFileType = "compiled.mach-o.executable"; includeInIndex = 0; path = 2_Kommivoyazer; sourceTree = BUILT_PRODUCTS_DIR; };
		2C55C1EC1EC05A3B00C22BD2 /* Algoritm.cpp */ = {isa = PBXFileReference; fileEncoding = 4; lastKnownFileType = sourcecode.cpp.cpp; name = Algoritm.cpp; path = ../../../../../../Downloads/Algoritm.cpp; sourceTree = "<group>"; };
		2C55C1ED1EC05A3B00C22BD2 /* Algoritm.hpp */ = {isa = PBXFileReference; fileEncoding = 4; lastKnownFileType = sourcecode.cpp.h; name = Algoritm.hpp; path = ../../../../../../Downloads/Algoritm.hpp; sourceTree = "<group>"; };
		2C55C1EE1EC05A3B00C22BD2 /* ArcGraph.cpp */ = {isa = PBXFileReference; fileEncoding = 4; lastKnownFileType = sourcecode.cpp.cpp; name = ArcGraph.cpp; path = ../../../../../../Downloads/ArcGraph.cpp; sourceTree = "<group>"; };
		2C55C1EF1EC05A3B00C22BD2 /* ArcGraph.hpp */ = {isa = PBXFileReference; fileEncoding = 4; lastKnownFileType = sourcecode.cpp.h; name = ArcGraph.hpp; path = ../../../../../../Downloads/ArcGraph.hpp; sourceTree = "<group>"; };
		2C55C1F01EC05A3B00C22BD2 /* area.cpp */ = {isa = PBXFileReference; fileEncoding = 4; lastKnownFileType = sourcecode.cpp.cpp; name = area.cpp; path = ../../../../../../Downloads/area.cpp; sourceTree = "<group>"; };
		2C55C1F11EC05A3B00C22BD2 /* IGraph.hpp */ = {isa = PBXFileReference; fileEncoding = 4; lastKnownFileType = sourcecode.cpp.h; name = IGraph.hpp; path = ../../../../../../Downloads/IGraph.hpp; sourceTree = "<group>"; };
		2C55C1F21EC05A3B00C22BD2 /* main.cpp */ = {isa = PBXFileReference; fileEncoding = 4; lastKnownFileType = sourcecode.cpp.cpp; name = main.cpp; path = ../../../../../../Downloads/main.cpp; sourceTree = "<group>"; };
		2C55C1F31EC05A3B00C22BD2 /* test.cpp */ = {isa = PBXFileReference; fileEncoding = 4; lastKnownFileType = sourcecode.cpp.cpp; name = test.cpp; path = ../../../../../../Downloads/test.cpp; sourceTree = "<group>"; };
		2C55C1F41EC05A3B00C22BD2 /* test.hpp */ = {isa = PBXFileReference; fileEncoding = 4; lastKnownFileType = sourcecode.cpp.h; name = test.hpp; path = ../../../../../../Downloads/test.hpp; sourceTree = "<group>"; };
		2C55C1F51EC05A3B00C22BD2 /* area.hpp */ = {isa = PBXFileReference; fileEncoding = 4; lastKnownFileType = sourcecode.cpp.h; name = area.hpp; path = ../../../../../../Downloads/area.hpp; sourceTree = "<group>"; };
/* End PBXFileReference section */

/* Begin PBXFrameworksBuildPhase section */
		2C387E911EA254A600EBF5B7 /* Frameworks */ = {
			isa = PBXFrameworksBuildPhase;
			buildActionMask = 2147483647;
			files = (
			);
			runOnlyForDeploymentPostprocessing = 0;
		};
/* End PBXFrameworksBuildPhase section */

/* Begin PBXGroup section */
		2C387E8B1EA254A600EBF5B7 = {
			isa = PBXGroup;
			children = (
				2C387E961EA254A700EBF5B7 /* 2_Kommivoyazer */,
				2C387E951EA254A700EBF5B7 /* Products */,
			);
			sourceTree = "<group>";
		};
		2C387E951EA254A700EBF5B7 /* Products */ = {
			isa = PBXGroup;
			children = (
				2C387E941EA254A700EBF5B7 /* 2_Kommivoyazer */,
			);
			name = Products;
			sourceTree = "<group>";
		};
		2C387E961EA254A700EBF5B7 /* 2_Kommivoyazer */ = {
			isa = PBXGroup;
			children = (
				2C55C1EC1EC05A3B00C22BD2 /* Algoritm.cpp */,
				2C55C1ED1EC05A3B00C22BD2 /* Algoritm.hpp */,
				2C55C1EE1EC05A3B00C22BD2 /* ArcGraph.cpp */,
				2C55C1EF1EC05A3B00C22BD2 /* ArcGraph.hpp */,
				2C55C1F01EC05A3B00C22BD2 /* area.cpp */,
				2C55C1F11EC05A3B00C22BD2 /* IGraph.hpp */,
				2C55C1F21EC05A3B00C22BD2 /* main.cpp */,
				2C55C1F31EC05A3B00C22BD2 /* test.cpp */,
				2C55C1F41EC05A3B00C22BD2 /* test.hpp */,
				2C55C1F51EC05A3B00C22BD2 /* area.hpp */,
			);
			path = 2_Kommivoyazer;
			sourceTree = "<group>";
		};
/* End PBXGroup section */

/* Begin PBXNativeTarget section */
		2C387E931EA254A600EBF5B7 /* 2_Kommivoyazer */ = {
			isa = PBXNativeTarget;
			buildConfigurationList = 2C387E9B1EA254A700EBF5B7 /* Build configuration list for PBXNativeTarget "2_Kommivoyazer" */;
			buildPhases = (
				2C387E901EA254A600EBF5B7 /* Sources */,
				2C387E911EA254A600EBF5B7 /* Frameworks */,
				2C387E921EA254A600EBF5B7 /* CopyFiles */,
			);
			buildRules = (
			);
			dependencies = (
			);
			name = 2_Kommivoyazer;
			productName = 2_Kommivoyazer;
			productReference = 2C387E941EA254A700EBF5B7 /* 2_Kommivoyazer */;
			productType = "com.apple.product-type.tool";
		};
/* End PBXNativeTarget section */

/* Begin PBXProject section */
		2C387E8C1EA254A600EBF5B7 /* Project object */ = {
			isa = PBXProject;
			attributes = {
				LastUpgradeCheck = 0820;
				ORGANIZATIONNAME = Ivan;
				TargetAttributes = {
					2C387E931EA254A600EBF5B7 = {
						CreatedOnToolsVersion = 8.2.1;
						ProvisioningStyle = Automatic;
					};
				};
			};
			buildConfigurationList = 2C387E8F1EA254A600EBF5B7 /* Build configuration list for PBXProject "2_Kommivoyazer" */;
			compatibilityVersion = "Xcode 3.2";
			developmentRegion = English;
			hasScannedForEncodings = 0;
			knownRegions = (
				en,
			);
			mainGroup = 2C387E8B1EA254A600EBF5B7;
			productRefGroup = 2C387E951EA254A700EBF5B7 /* Products */;
			projectDirPath = "";
			projectRoot = "";
			targets = (
				2C387E931EA254A600EBF5B7 /* 2_Kommivoyazer */,
			);
		};
/* End PBXProject section */

/* Begin PBXSourcesBuildPhase section */
		2C387E901EA254A600EBF5B7 /* Sources */ = {
			isa = PBXSourcesBuildPhase;
			buildActionMask = 2147483647;
			files = (
				2C55C1F71EC05A3B00C22BD2 /* ArcGraph.cpp in Sources */,
				2C55C1F91EC05A3B00C22BD2 /* main.cpp in Sources */,
				2C55C1FA1EC05A3B00C22BD2 /* test.cpp in Sources */,
				2C55C1F81EC05A3B00C22BD2 /* area.cpp in Sources */,
				2C55C1F61EC05A3B00C22BD2 /* Algoritm.cpp in Sources */,
			);
			runOnlyForDeploymentPostprocessing = 0;
		};
/* End PBXSourcesBuildPhase section */

/* Begin XCBuildConfiguration section */
		2C387E991EA254A700EBF5B7 /* Debug */ = {
			isa = XCBuildConfiguration;
			buildSettings = {
				ALWAYS_SEARCH_USER_PATHS = NO;
				CLANG_ANALYZER_NONNULL = YES;
				CLANG_CXX_LANGUAGE_STANDARD = "gnu++0x";
				CLANG_CXX_LIBRARY = "libc++";
				CLANG_ENABLE_MODULES = YES;
				CLANG_ENABLE_OBJC_ARC = YES;
				CLANG_WARN_BOOL_CONVERSION = YES;
				CLANG_WARN_CONSTANT_CONVERSION = YES;
				CLANG_WARN_DIRECT_OBJC_ISA_USAGE = YES_ERROR;
				CLANG_WARN_DOCUMENTATION_COMMENTS = YES;
				CLANG_WARN_EMPTY_BODY = YES;
				CLANG_WARN_ENUM_CONVERSION = YES;
				CLANG_WARN_INFINITE_RECURSION = YES;
				CLANG_WARN_INT_CONVERSION = YES;
				CLANG_WARN_OBJC_ROOT_CLASS = YES_ERROR;
				CLANG_WARN_SUSPICIOUS_MOVE = YES;
				CLANG_WARN_UNREACHABLE_CODE = YES;
				CLANG_WARN__DUPLICATE_METHOD_MATCH = YES;
				CODE_SIGN_IDENTITY = "-";
				COPY_PHASE_STRIP = NO;
				DEBUG_INFORMATION_FORMAT = dwarf;
				ENABLE_STRICT_OBJC_MSGSEND = YES;
				ENABLE_TESTABILITY = YES;
				GCC_C_LANGUAGE_STANDARD = gnu99;
				GCC_DYNAMIC_NO_PIC = NO;
				GCC_NO_COMMON_BLOCKS = YES;
				GCC_OPTIMIZATION_LEVEL = 0;
				GCC_PREPROCESSOR_DEFINITIONS = (
					"DEBUG=1",
					"$(inherited)",
				);
				GCC_WARN_64_TO_32_BIT_CONVERSION = YES;
				GCC_WARN_ABOUT_RETURN_TYPE = YES_ERROR;
				GCC_WARN_UNDECLARED_SELECTOR = YES;
				GCC_WARN_UNINITIALIZED_AUTOS = YES_AGGRESSIVE;
				GCC_WARN_UNUSED_FUNCTION = YES;
				GCC_WARN_UNUSED_VARIABLE = YES;
				MACOSX_DEPLOYMENT_TARGET = 10.11;
				MTL_ENABLE_DEBUG_INFO = YES;
				ONLY_ACTIVE_ARCH = YES;
				SDKROOT = macosx;
			};
			name = Debug;
		};
		2C387E9A1EA254A700EBF5B7 /* Release */ = {
			isa = XCBuildConfiguration;
			buildSettings = {
				ALWAYS_SEARCH_USER_PATHS = NO;
				CLANG_ANALYZER_NONNULL = YES;
				CLANG_CXX_LANGUAGE_STANDARD = "gnu++0x";
				CLANG_CXX_LIBRARY = "libc++";
				CLANG_ENABLE_MODULES = YES;
				CLANG_ENABLE_OBJC_ARC = YES;
				CLANG_WARN_BOOL_CONVERSION = YES;
				CLANG_WARN_CONSTANT_CONVERSION = YES;
				CLANG_WARN_DIRECT_OBJC_ISA_USAGE = YES_ERROR;
				CLANG_WARN_DOCUMENTATION_COMMENTS = YES;
				CLANG_WARN_EMPTY_BODY = YES;
				CLANG_WARN_ENUM_CONVERSION = YES;
				CLANG_WARN_INFINITE_RECURSION = YES;
				CLANG_WARN_INT_CONVERSION = YES;
				CLANG_WARN_OBJC_ROOT_CLASS = YES_ERROR;
				CLANG_WARN_SUSPICIOUS_MOVE = YES;
				CLANG_WARN_UNREACHABLE_CODE = YES;
				CLANG_WARN__DUPLICATE_METHOD_MATCH = YES;
				CODE_SIGN_IDENTITY = "-";
				COPY_PHASE_STRIP = NO;
				DEBUG_INFORMATION_FORMAT = "dwarf-with-dsym";
				ENABLE_NS_ASSERTIONS = NO;
				ENABLE_STRICT_OBJC_MSGSEND = YES;
				GCC_C_LANGUAGE_STANDARD = gnu99;
				GCC_NO_COMMON_BLOCKS = YES;
				GCC_WARN_64_TO_32_BIT_CONVERSION = YES;
				GCC_WARN_ABOUT_RETURN_TYPE = YES_ERROR;
				GCC_WARN_UNDECLARED_SELECTOR = YES;
				GCC_WARN_UNINITIALIZED_AUTOS = YES_AGGRESSIVE;
				GCC_WARN_UNUSED_FUNCTION = YES;
				GCC_WARN_UNUSED_VARIABLE = YES;
				MACOSX_DEPLOYMENT_TARGET = 10.11;
				MTL_ENABLE_DEBUG_INFO = NO;
				SDKROOT = macosx;
			};
			name = Release;
		};
		2C387E9C1EA254A700EBF5B7 /* Debug */ = {
			isa = XCBuildConfiguration;
			buildSettings = {
				PRODUCT_NAME = "$(TARGET_NAME)";
			};
			name = Debug;
		};
		2C387E9D1EA254A700EBF5B7 /* Release */ = {
			isa = XCBuildConfiguration;
			buildSettings = {
				PRODUCT_NAME = "$(TARGET_NAME)";
			};
			name = Release;
		};
/* End XCBuildConfiguration section */

/* Begin XCConfigurationList section */
		2C387E8F1EA254A600EBF5B7 /* Build configuration list for PBXProject "2_Kommivoyazer" */ = {
			isa = XCConfigurationList;
			buildConfigurations = (
				2C387E991EA254A700EBF5B7 /* Debug */,
				2C387E9A1EA254A700EBF5B7 /* Release */,
			);
			defaultConfigurationIsVisible = 0;
			defaultConfigurationName = Release;
		};
		2C387E9B1EA254A700EBF5B7 /* Build configuration list for PBXNativeTarget "2_Kommivoyazer" */ = {
			isa = XCConfigurationList;
			buildConfigurations = (
				2C387E9C1EA254A700EBF5B7 /* Debug */,
				2C387E9D1EA254A700EBF5B7 /* Release */,
			);
			defaultConfigurationIsVisible = 0;
			defaultConfigurationName = Release;
		};
/* End XCConfigurationList section */
	};
	rootObject = 2C387E8C1EA254A600EBF5B7 /* Project object */;
}
